
Microsoft Visual Studio Solution File, Format Version 12.00
# Visual Studio Version 17
VisualStudioVersion = 17.1.32210.238
MinimumVisualStudioVersion = 10.0.40219.1
Project("{00D1A9C2-B5F0-4AF3-8072-F6C62B433612}") = "Lab3", "Lab3\Lab3.sqlproj", "{7AEAA299-F2BD-4204-818B-BAC6B3E28113}"
EndProject
Global
	GlobalSection(SolutionConfigurationPlatforms) = preSolution
		Debug|Any CPU = Debug|Any CPU
		Release|Any CPU = Release|Any CPU
	EndGlobalSection
	GlobalSection(ProjectConfigurationPlatforms) = postSolution
		{7AEAA299-F2BD-4204-818B-BAC6B3E28113}.Debug|Any CPU.ActiveCfg = Debug|Any CPU
		{7AEAA299-F2BD-4204-818B-BAC6B3E28113}.Debug|Any CPU.Build.0 = Debug|Any CPU
		{7AEAA299-F2BD-4204-818B-BAC6B3E28113}.Debug|Any CPU.Deploy.0 = Debug|Any CPU
		{7AEAA299-F2BD-4204-818B-BAC6B3E28113}.Release|Any CPU.ActiveCfg = Release|Any CPU
		{7AEAA299-F2BD-4204-818B-BAC6B3E28113}.Release|Any CPU.Build.0 = Release|Any CPU
		{7AEAA299-F2BD-4204-818B-BAC6B3E28113}.Release|Any CPU.Deploy.0 = Release|Any CPU
	EndGlobalSection
	GlobalSection(SolutionProperties) = preSolution
		HideSolutionNode = FALSE
	EndGlobalSection
	GlobalSection(ExtensibilityGlobals) = postSolution
		SolutionGuid = {D4B296C4-7E20-4C8E-BF17-50AEFF7BAD42}
	EndGlobalSection
EndGlobal
